
Microsoft Visual Studio Solution File, Format Version 12.00
# Visual Studio Version 17
VisualStudioVersion = 17.8.34408.163
MinimumVisualStudioVersion = 10.0.40219.1
Project("{FAE04EC0-301F-11D3-BF4B-00C04F79EFBC}") = "modul6_1302223074", "modul6_1302223074\modul6_1302223074.csproj", "{96331493-04A9-406B-B3BD-33030A0862F4}"
EndProject
Global
	GlobalSection(SolutionConfigurationPlatforms) = preSolution
		Debug|Any CPU = Debug|Any CPU
		Release|Any CPU = Release|Any CPU
	EndGlobalSection
	GlobalSection(ProjectConfigurationPlatforms) = postSolution
		{96331493-04A9-406B-B3BD-33030A0862F4}.Debug|Any CPU.ActiveCfg = Debug|Any CPU
		{96331493-04A9-406B-B3BD-33030A0862F4}.Debug|Any CPU.Build.0 = Debug|Any CPU
		{96331493-04A9-406B-B3BD-33030A0862F4}.Release|Any CPU.ActiveCfg = Release|Any CPU
		{96331493-04A9-406B-B3BD-33030A0862F4}.Release|Any CPU.Build.0 = Release|Any CPU
	EndGlobalSection
	GlobalSection(SolutionProperties) = preSolution
		HideSolutionNode = FALSE
	EndGlobalSection
	GlobalSection(ExtensibilityGlobals) = postSolution
		SolutionGuid = {BEAE1B1B-B0FE-4B24-ACFF-ED1148D3558B}
	EndGlobalSection
EndGlobal
