
Microsoft Visual Studio Solution File, Format Version 12.00
# Visual Studio Version 17
VisualStudioVersion = 17.9.34607.119
MinimumVisualStudioVersion = 10.0.40219.1
Project("{FAE04EC0-301F-11D3-BF4B-00C04F79EFBC}") = "tpmodul10_1302223074", "tpmodul10_1302223074\tpmodul10_1302223074.csproj", "{1BA258D0-C918-4CC0-9462-ECEF5F18D883}"
EndProject
Global
	GlobalSection(SolutionConfigurationPlatforms) = preSolution
		Debug|Any CPU = Debug|Any CPU
		Release|Any CPU = Release|Any CPU
	EndGlobalSection
	GlobalSection(ProjectConfigurationPlatforms) = postSolution
		{1BA258D0-C918-4CC0-9462-ECEF5F18D883}.Debug|Any CPU.ActiveCfg = Debug|Any CPU
		{1BA258D0-C918-4CC0-9462-ECEF5F18D883}.Debug|Any CPU.Build.0 = Debug|Any CPU
		{1BA258D0-C918-4CC0-9462-ECEF5F18D883}.Release|Any CPU.ActiveCfg = Release|Any CPU
		{1BA258D0-C918-4CC0-9462-ECEF5F18D883}.Release|Any CPU.Build.0 = Release|Any CPU
	EndGlobalSection
	GlobalSection(SolutionProperties) = preSolution
		HideSolutionNode = FALSE
	EndGlobalSection
	GlobalSection(ExtensibilityGlobals) = postSolution
		SolutionGuid = {BA7AFFD4-D072-4F63-8871-10BBB32FFA94}
	EndGlobalSection
EndGlobal
