
Microsoft Visual Studio Solution File, Format Version 12.00
# Visual Studio Version 17
VisualStudioVersion = 17.9.34607.119
MinimumVisualStudioVersion = 10.0.40219.1
Project("{FAE04EC0-301F-11D3-BF4B-00C04F79EFBC}") = "tpmodul5_1302223074", "tpmodul5_1302223074\tpmodul5_1302223074.csproj", "{2610A354-8DF1-45AC-9917-BC448DB383EB}"
EndProject
Global
	GlobalSection(SolutionConfigurationPlatforms) = preSolution
		Debug|Any CPU = Debug|Any CPU
		Release|Any CPU = Release|Any CPU
	EndGlobalSection
	GlobalSection(ProjectConfigurationPlatforms) = postSolution
		{2610A354-8DF1-45AC-9917-BC448DB383EB}.Debug|Any CPU.ActiveCfg = Debug|Any CPU
		{2610A354-8DF1-45AC-9917-BC448DB383EB}.Debug|Any CPU.Build.0 = Debug|Any CPU
		{2610A354-8DF1-45AC-9917-BC448DB383EB}.Release|Any CPU.ActiveCfg = Release|Any CPU
		{2610A354-8DF1-45AC-9917-BC448DB383EB}.Release|Any CPU.Build.0 = Release|Any CPU
	EndGlobalSection
	GlobalSection(SolutionProperties) = preSolution
		HideSolutionNode = FALSE
	EndGlobalSection
	GlobalSection(ExtensibilityGlobals) = postSolution
		SolutionGuid = {A4566202-D7D3-4979-8BB1-C83730DF79EB}
	EndGlobalSection
EndGlobal
